
Microsoft Visual Studio Solution File, Format Version 12.00
Project("{FAE04EC0-301F-11D3-BF4B-00C04F79EFBC}") = "IndustrialisationEntreprise", "IndustrialisationEntreprise\IndustrialisationEntreprise.csproj", "{980C6AA1-0AC8-44F1-9B99-B9AF39C23BF0}"
EndProject
Global
	GlobalSection(SolutionConfigurationPlatforms) = preSolution
		Debug|Any CPU = Debug|Any CPU
		Release|Any CPU = Release|Any CPU
	EndGlobalSection
	GlobalSection(ProjectConfigurationPlatforms) = postSolution
		{980C6AA1-0AC8-44F1-9B99-B9AF39C23BF0}.Debug|Any CPU.ActiveCfg = Debug|Any CPU
		{980C6AA1-0AC8-44F1-9B99-B9AF39C23BF0}.Debug|Any CPU.Build.0 = Debug|Any CPU
		{980C6AA1-0AC8-44F1-9B99-B9AF39C23BF0}.Release|Any CPU.ActiveCfg = Release|Any CPU
		{980C6AA1-0AC8-44F1-9B99-B9AF39C23BF0}.Release|Any CPU.Build.0 = Release|Any CPU
	EndGlobalSection
EndGlobal
